prepare_datasets:
  cmd: python -m src.prepare_datasets
  deps:
  - path: ./src/load_datasets.py
    md5: e1b281161b40d33c40975a519343f9d8
    size: 851
  - path: ./src/prepare_datasets.py
    md5: 06b4198eead13935c70ebd86fa7724fd
    size: 3149
  - path: data
    md5: 4bbf22c31e077a3b26bdbfb914bb9e6f.dir
    size: 126167081
    nfiles: 3
  params:
    params.yaml:
      input.train_part: 0.8
      input.years: 4
  outs:
  - path: preprocessed
    md5: dea8d1f6db22a00c66f63d1f89dc608d.dir
    size: 493567835
    nfiles: 2
train:
  cmd: python -m src.train
  deps:
  - path: ./src/model.py
    md5: f2e9b2f612c7e3917375f50081345b9f
    size: 817
  - path: ./src/train.py
    md5: 47a7e02d1f26754b71583fad400cec18
    size: 1189
  - path: preprocessed
    md5: dea8d1f6db22a00c66f63d1f89dc608d.dir
    size: 493567835
    nfiles: 2
  params:
    params.yaml:
      input.train_part: 0.8
      input.years: 4
      train.epochs: 100
      train.features: 4
      train.label_shift: 1
      train.patience: 5
  outs:
  - path: ./metrics/training.csv
    md5: f43383f311b938d3adc9aef590a04080
    size: 13497
  - path: ./saved_models
    md5: 6f54db5c7342262302599a57b51cda76.dir
    size: 96744
    nfiles: 1
test:
  cmd: python -m src.test
  deps:
  - path: preprocessed
    md5: dea8d1f6db22a00c66f63d1f89dc608d.dir
    size: 493567835
    nfiles: 2
  - path: saved_models
    md5: 6f54db5c7342262302599a57b51cda76.dir
    size: 96744
    nfiles: 1
  - path: src/test.py
    md5: 43cdc8f323c37fc9b6bc7617754c0b74
    size: 406
  params:
    params.yaml:
      train.label_shift: 1
  outs:
  - path: metrics/test.json
    md5: 92a633c3684d7016e7eafd9e31df5308
    size: 144
