prepare_datasets:
  cmd: python -m src.prepare_datasets
  deps:
  - path: ./src/load_datasets.py
    md5: a996480554c18afdae3d2297ee0ddb9c
    size: 1070
  - path: ./src/prepare_datasets.py
    md5: f5bba12a78feaf30e99105a1c1583297
    size: 1210
  - path: data
    md5: 6419867505ae2dae5f9e9440fcba55e3.dir
    size: 365784
    nfiles: 1
  params:
    params.yaml:
      input.train_part: 0.8
      input.years: 4
  outs:
  - path: preprocessed
    md5: 0b8a731274bf60f07861901ce1530087.dir
    size: 113633
    nfiles: 2
train:
  cmd: python -m src.train
  deps:
  - path: ./src/model.py
    md5: c88a4c33d9a4e6b585b6f5d80c6af147
    size: 512
  - path: ./src/train.py
    md5: 1e03512e894b05240f6f1c76f8c80bc8
    size: 1404
  - path: preprocessed
    md5: 0b8a731274bf60f07861901ce1530087.dir
    size: 113633
    nfiles: 2
  params:
    params.yaml:
      input.train_part: 0.8
      input.years: 4
      train.epochs: 30
      train.features: 4
      train.input_width: 30
      train.label_steps: 30
      train.patience: 5
  outs:
  - path: ./metrics/training.csv
    md5: 34cc5a84a99ee171d6686d6167061330
    size: 1667
  - path: ./saved_models
    md5: 6fd87e069c852162ee55b9251ae9ec56.dir
    size: 62448
    nfiles: 3
test:
  cmd: python -m src.test
  deps:
  - path: preprocessed
    md5: 0b8a731274bf60f07861901ce1530087.dir
    size: 113633
    nfiles: 2
  - path: saved_models
    md5: 6fd87e069c852162ee55b9251ae9ec56.dir
    size: 62448
    nfiles: 3
  - path: src/test.py
    md5: 61162f89695add5ea0e28fdeb8b085d8
    size: 831
  params:
    params.yaml:
      train.input_width: 30
      train.label_steps: 30
  outs:
  - path: metrics/test.json
    md5: 74ad172940fb9dbb2132ce285cfaafbe
    size: 81
